
Microsoft Visual Studio Solution File, Format Version 12.00
# Visual Studio Version 16
VisualStudioVersion = 16.0.31424.327
MinimumVisualStudioVersion = 10.0.40219.1
Project("{9A19103F-16F7-4668-BE54-9A1E7A4F7556}") = "DiegoG.TelegramBot", "DiegoG.TelegramBot\DiegoG.TelegramBot.csproj", "{79895B1D-2C03-441B-A611-DB8E9FADB2DB}"
EndProject
Project("{9A19103F-16F7-4668-BE54-9A1E7A4F7556}") = "DiegoG.TelegramBot.Test", "DiegoG.TelegramBot.Test\DiegoG.TelegramBot.Test.csproj", "{0ABE1331-4AF6-4174-AFAD-08CBD3196FB0}"
EndProject
Global
	GlobalSection(SolutionConfigurationPlatforms) = preSolution
		Debug|Any CPU = Debug|Any CPU
		Release|Any CPU = Release|Any CPU
	EndGlobalSection
	GlobalSection(ProjectConfigurationPlatforms) = postSolution
		{79895B1D-2C03-441B-A611-DB8E9FADB2DB}.Debug|Any CPU.ActiveCfg = Debug|Any CPU
		{79895B1D-2C03-441B-A611-DB8E9FADB2DB}.Debug|Any CPU.Build.0 = Debug|Any CPU
		{79895B1D-2C03-441B-A611-DB8E9FADB2DB}.Release|Any CPU.ActiveCfg = Release|Any CPU
		{79895B1D-2C03-441B-A611-DB8E9FADB2DB}.Release|Any CPU.Build.0 = Release|Any CPU
		{0ABE1331-4AF6-4174-AFAD-08CBD3196FB0}.Debug|Any CPU.ActiveCfg = Debug|Any CPU
		{0ABE1331-4AF6-4174-AFAD-08CBD3196FB0}.Debug|Any CPU.Build.0 = Debug|Any CPU
		{0ABE1331-4AF6-4174-AFAD-08CBD3196FB0}.Release|Any CPU.ActiveCfg = Release|Any CPU
		{0ABE1331-4AF6-4174-AFAD-08CBD3196FB0}.Release|Any CPU.Build.0 = Release|Any CPU
	EndGlobalSection
	GlobalSection(SolutionProperties) = preSolution
		HideSolutionNode = FALSE
	EndGlobalSection
	GlobalSection(ExtensibilityGlobals) = postSolution
		SolutionGuid = {0D2F55BE-21FA-4D12-92FD-19B85AEDD3D5}
	EndGlobalSection
EndGlobal
